{
  "nodes": {
    "emacs-overlay": {
      "inputs": {
        "flake-utils": [
          "flake-utils"
        ],
        "nixpkgs": [
          "nixpkgs"
        ]
      },
      "locked": {
        "lastModified": 1663410592,
        "narHash": "sha256-WkcXd6uAfSfJscflb2ivOPqCgCyQGo4nUkQwIUTXtjg=",
        "owner": "nix-community",
        "repo": "emacs-overlay",
        "rev": "350a3df35560f727046192cefd19e0d7e496a652",
        "type": "github"
      },
      "original": {
        "owner": "nix-community",
        "repo": "emacs-overlay",
        "type": "github"
      }
    },
    "flake-utils": {
      "locked": {
        "lastModified": 1659877975,
        "narHash": "sha256-zllb8aq3YO3h8B/U0/J1WBgAL8EX5yWf5pMj3G0NAmc=",
        "owner": "numtide",
        "repo": "flake-utils",
        "rev": "c0e246b9b83f637f4681389ecabcb2681b4f3af0",
        "type": "github"
      },
      "original": {
        "owner": "numtide",
        "repo": "flake-utils",
        "type": "github"
      }
    },
    "nixpkgs": {
      "locked": {
        "lastModified": 1663410121,
        "narHash": "sha256-+SN249gXLmawmwTVo3AhydVoVwgi/gbqutJV7YHrj0Y=",
        "owner": "NixOS",
        "repo": "nixpkgs",
        "rev": "f21492b413295ab60f538d5e1812ab908e3e3292",
        "type": "github"
      },
      "original": {
        "owner": "NixOS",
        "ref": "nixos-22.05",
        "repo": "nixpkgs",
        "type": "github"
      }
    },
    "root": {
      "inputs": {
        "emacs-overlay": "emacs-overlay",
        "flake-utils": "flake-utils",
        "nixpkgs": "nixpkgs",
        "rust-overlay": "rust-overlay"
      }
    },
    "rust-overlay": {
      "inputs": {
        "flake-utils": [
          "flake-utils"
        ],
        "nixpkgs": [
          "nixpkgs"
        ]
      },
      "locked": {
        "lastModified": 1663383457,
        "narHash": "sha256-WoHXGHVmOv883HyH2Rvqh3XJE0Dk2YSZfLJyedSMr4U=",
        "owner": "oxalica",
        "repo": "rust-overlay",
        "rev": "e4c6adaa5f9293911de5ad50eaf32dbe36819de3",
        "type": "github"
      },
      "original": {
        "owner": "oxalica",
        "repo": "rust-overlay",
        "type": "github"
      }
    }
  },
  "root": "root",
  "version": 7
}
