{
  "nodes": {
    "bun-flake": {
      "inputs": {
        "nixpkgs": [
          "nixpkgs"
        ]
      },
      "locked": {
        "lastModified": 1668869909,
        "narHash": "sha256-4ufquDHju8YRWNbIG783nPPr2dlga1nxTf3iKbByVRA=",
        "owner": "knarkzel",
        "repo": "bun-flake",
        "rev": "da656b63ed4bc86411274296a374514ae4809f3f",
        "type": "github"
      },
      "original": {
        "owner": "knarkzel",
        "repo": "bun-flake",
        "type": "github"
      }
    },
    "flake-utils": {
      "locked": {
        "lastModified": 1667395993,
        "narHash": "sha256-nuEHfE/LcWyuSWnS8t12N1wc105Qtau+/OdUAjtQ0rA=",
        "owner": "numtide",
        "repo": "flake-utils",
        "rev": "5aed5285a952e0b949eb3ba02c12fa4fcfef535f",
        "type": "github"
      },
      "original": {
        "owner": "numtide",
        "repo": "flake-utils",
        "type": "github"
      }
    },
    "nixpkgs": {
      "locked": {
        "lastModified": 1667318659,
        "narHash": "sha256-mRXqCdlnxPgm3Wk7mNAOanl7B3Q3U5scYTEiyYmNEOE=",
        "owner": "NixOS",
        "repo": "nixpkgs",
        "rev": "b3a8f7ed267e0a7ed100eb7d716c9137ff120fe3",
        "type": "github"
      },
      "original": {
        "owner": "NixOS",
        "ref": "nixos-22.05",
        "repo": "nixpkgs",
        "type": "github"
      }
    },
    "root": {
      "inputs": {
        "bun-flake": "bun-flake",
        "flake-utils": "flake-utils",
        "nixpkgs": "nixpkgs",
        "rust-overlay": "rust-overlay"
      }
    },
    "rust-overlay": {
      "inputs": {
        "flake-utils": [
          "flake-utils"
        ],
        "nixpkgs": [
          "nixpkgs"
        ]
      },
      "locked": {
        "lastModified": 1667487142,
        "narHash": "sha256-bVuzLs1ZVggJAbJmEDVO9G6p8BH3HRaolK70KXvnWnU=",
        "owner": "oxalica",
        "repo": "rust-overlay",
        "rev": "cf668f737ac986c0a89e83b6b2e3c5ddbd8cf33b",
        "type": "github"
      },
      "original": {
        "owner": "oxalica",
        "repo": "rust-overlay",
        "type": "github"
      }
    }
  },
  "root": "root",
  "version": 7
}
